
Microsoft Visual Studio Solution File, Format Version 12.00
# Visual Studio Version 17
VisualStudioVersion = 17.1.32407.343
MinimumVisualStudioVersion = 10.0.40219.1
Project("{FAE04EC0-301F-11D3-BF4B-00C04F79EFBC}") = "LeMinhHung_2019601690", "DeThayHuy\LeMinhHung_2019601690.csproj", "{3DBE860D-9E05-45EA-AC81-420491737D4C}"
EndProject
Global
	GlobalSection(SolutionConfigurationPlatforms) = preSolution
		Debug|Any CPU = Debug|Any CPU
		Release|Any CPU = Release|Any CPU
	EndGlobalSection
	GlobalSection(ProjectConfigurationPlatforms) = postSolution
		{3DBE860D-9E05-45EA-AC81-420491737D4C}.Debug|Any CPU.ActiveCfg = Debug|Any CPU
		{3DBE860D-9E05-45EA-AC81-420491737D4C}.Debug|Any CPU.Build.0 = Debug|Any CPU
		{3DBE860D-9E05-45EA-AC81-420491737D4C}.Release|Any CPU.ActiveCfg = Release|Any CPU
		{3DBE860D-9E05-45EA-AC81-420491737D4C}.Release|Any CPU.Build.0 = Release|Any CPU
	EndGlobalSection
	GlobalSection(SolutionProperties) = preSolution
		HideSolutionNode = FALSE
	EndGlobalSection
	GlobalSection(ExtensibilityGlobals) = postSolution
		SolutionGuid = {95C8032E-6C0D-4CF5-9536-350F7CF3CD12}
	EndGlobalSection
EndGlobal
