
Microsoft Visual Studio Solution File, Format Version 12.00
# Visual Studio Version 17
VisualStudioVersion = 17.1.32407.343
MinimumVisualStudioVersion = 10.0.40219.1
Project("{FAE04EC0-301F-11D3-BF4B-00C04F79EFBC}") = "De16", "De16\De16.csproj", "{3978C614-4142-46ED-9EDA-E3A9793762AA}"
EndProject
Global
	GlobalSection(SolutionConfigurationPlatforms) = preSolution
		Debug|Any CPU = Debug|Any CPU
		Release|Any CPU = Release|Any CPU
	EndGlobalSection
	GlobalSection(ProjectConfigurationPlatforms) = postSolution
		{3978C614-4142-46ED-9EDA-E3A9793762AA}.Debug|Any CPU.ActiveCfg = Debug|Any CPU
		{3978C614-4142-46ED-9EDA-E3A9793762AA}.Debug|Any CPU.Build.0 = Debug|Any CPU
		{3978C614-4142-46ED-9EDA-E3A9793762AA}.Release|Any CPU.ActiveCfg = Release|Any CPU
		{3978C614-4142-46ED-9EDA-E3A9793762AA}.Release|Any CPU.Build.0 = Release|Any CPU
	EndGlobalSection
	GlobalSection(SolutionProperties) = preSolution
		HideSolutionNode = FALSE
	EndGlobalSection
	GlobalSection(ExtensibilityGlobals) = postSolution
		SolutionGuid = {CE60EA6F-6966-459A-8D2B-AF6A2E4D111D}
	EndGlobalSection
EndGlobal
