
Microsoft Visual Studio Solution File, Format Version 12.00
# Visual Studio Version 17
VisualStudioVersion = 17.2.32519.379
MinimumVisualStudioVersion = 10.0.40219.1
Project("{FAE04EC0-301F-11D3-BF4B-00C04F79EFBC}") = "De16725", "De16725\De16725.csproj", "{D07726E6-9778-475A-8314-A73B6437A968}"
EndProject
Global
	GlobalSection(SolutionConfigurationPlatforms) = preSolution
		Debug|Any CPU = Debug|Any CPU
		Release|Any CPU = Release|Any CPU
	EndGlobalSection
	GlobalSection(ProjectConfigurationPlatforms) = postSolution
		{D07726E6-9778-475A-8314-A73B6437A968}.Debug|Any CPU.ActiveCfg = Debug|Any CPU
		{D07726E6-9778-475A-8314-A73B6437A968}.Debug|Any CPU.Build.0 = Debug|Any CPU
		{D07726E6-9778-475A-8314-A73B6437A968}.Release|Any CPU.ActiveCfg = Release|Any CPU
		{D07726E6-9778-475A-8314-A73B6437A968}.Release|Any CPU.Build.0 = Release|Any CPU
	EndGlobalSection
	GlobalSection(SolutionProperties) = preSolution
		HideSolutionNode = FALSE
	EndGlobalSection
	GlobalSection(ExtensibilityGlobals) = postSolution
		SolutionGuid = {F92BC444-E568-4BAE-B894-4DD5F968DA54}
	EndGlobalSection
EndGlobal
